
Microsoft Visual Studio Solution File, Format Version 12.00
# Visual Studio Version 16
VisualStudioVersion = 16.0.30114.105
MinimumVisualStudioVersion = 10.0.40219.1
Project("{FAE04EC0-301F-11D3-BF4B-00C04F79EFBC}") = "Entity", "Entity\Entity.csproj", "{17B656E2-FAC6-421A-8B94-3BD52A062FF0}"
EndProject
Project("{FAE04EC0-301F-11D3-BF4B-00C04F79EFBC}") = "API", "API\API.csproj", "{FD44FA81-1CC1-4EC6-9F3A-D173B73821D7}"
EndProject
Project("{FAE04EC0-301F-11D3-BF4B-00C04F79EFBC}") = "View", "View\View.csproj", "{E4EB429C-6A11-4368-851D-D6D9C2637B3E}"
EndProject
Project("{2150E333-8FDC-42A3-9474-1A3956D46DE8}") = "Services", "Services", "{4386BCF9-1AEB-4FC0-876A-2A50C80CF5EF}"
EndProject
Project("{FAE04EC0-301F-11D3-BF4B-00C04F79EFBC}") = "Auth", "Auth\Auth.csproj", "{4E1A17D6-D752-4417-9181-F3E43DC6A52E}"
EndProject
Global
	GlobalSection(SolutionConfigurationPlatforms) = preSolution
		Debug|Any CPU = Debug|Any CPU
		Release|Any CPU = Release|Any CPU
	EndGlobalSection
	GlobalSection(SolutionProperties) = preSolution
		HideSolutionNode = FALSE
	EndGlobalSection
	GlobalSection(ProjectConfigurationPlatforms) = postSolution
		{17B656E2-FAC6-421A-8B94-3BD52A062FF0}.Debug|Any CPU.ActiveCfg = Debug|Any CPU
		{17B656E2-FAC6-421A-8B94-3BD52A062FF0}.Debug|Any CPU.Build.0 = Debug|Any CPU
		{17B656E2-FAC6-421A-8B94-3BD52A062FF0}.Release|Any CPU.ActiveCfg = Release|Any CPU
		{17B656E2-FAC6-421A-8B94-3BD52A062FF0}.Release|Any CPU.Build.0 = Release|Any CPU
		{FD44FA81-1CC1-4EC6-9F3A-D173B73821D7}.Debug|Any CPU.ActiveCfg = Debug|Any CPU
		{FD44FA81-1CC1-4EC6-9F3A-D173B73821D7}.Debug|Any CPU.Build.0 = Debug|Any CPU
		{FD44FA81-1CC1-4EC6-9F3A-D173B73821D7}.Release|Any CPU.ActiveCfg = Release|Any CPU
		{FD44FA81-1CC1-4EC6-9F3A-D173B73821D7}.Release|Any CPU.Build.0 = Release|Any CPU
		{E4EB429C-6A11-4368-851D-D6D9C2637B3E}.Debug|Any CPU.ActiveCfg = Debug|Any CPU
		{E4EB429C-6A11-4368-851D-D6D9C2637B3E}.Debug|Any CPU.Build.0 = Debug|Any CPU
		{E4EB429C-6A11-4368-851D-D6D9C2637B3E}.Release|Any CPU.ActiveCfg = Release|Any CPU
		{E4EB429C-6A11-4368-851D-D6D9C2637B3E}.Release|Any CPU.Build.0 = Release|Any CPU
		{4E1A17D6-D752-4417-9181-F3E43DC6A52E}.Debug|Any CPU.ActiveCfg = Debug|Any CPU
		{4E1A17D6-D752-4417-9181-F3E43DC6A52E}.Debug|Any CPU.Build.0 = Debug|Any CPU
		{4E1A17D6-D752-4417-9181-F3E43DC6A52E}.Release|Any CPU.ActiveCfg = Release|Any CPU
		{4E1A17D6-D752-4417-9181-F3E43DC6A52E}.Release|Any CPU.Build.0 = Release|Any CPU
	EndGlobalSection
	GlobalSection(NestedProjects) = preSolution
		{4E1A17D6-D752-4417-9181-F3E43DC6A52E} = {4386BCF9-1AEB-4FC0-876A-2A50C80CF5EF}
	EndGlobalSection
EndGlobal
