
Microsoft Visual Studio Solution File, Format Version 12.00
# Visual Studio Version 17
VisualStudioVersion = 17.4.33110.190
MinimumVisualStudioVersion = 10.0.40219.1
Project("{9A19103F-16F7-4668-BE54-9A1E7A4F7556}") = "Entity", "Entity\Entity.csproj", "{17B656E2-FAC6-421A-8B94-3BD52A062FF0}"
EndProject
Project("{9A19103F-16F7-4668-BE54-9A1E7A4F7556}") = "APIGateway", "APIGateway\APIGateway.csproj", "{FD44FA81-1CC1-4EC6-9F3A-D173B73821D7}"
EndProject
Project("{9A19103F-16F7-4668-BE54-9A1E7A4F7556}") = "View", "View\View.csproj", "{E4EB429C-6A11-4368-851D-D6D9C2637B3E}"
EndProject
Project("{2150E333-8FDC-42A3-9474-1A3956D46DE8}") = "Services", "Services", "{4386BCF9-1AEB-4FC0-876A-2A50C80CF5EF}"
EndProject
Project("{9A19103F-16F7-4668-BE54-9A1E7A4F7556}") = "ClientHosted", "ClientHosted\ClientHosted.csproj", "{AB9F760E-4B3F-436B-91FB-2C0B12283E86}"
EndProject
Project("{9A19103F-16F7-4668-BE54-9A1E7A4F7556}") = "GameSession", "GameSession\GameSession.csproj", "{23ED0871-61DC-4D51-A94D-71E7457830E4}"
EndProject
Project("{9A19103F-16F7-4668-BE54-9A1E7A4F7556}") = "Contracts", "Contracts\Contracts.csproj", "{F07EB380-099E-4D07-AE3C-8C95DDC2201F}"
EndProject
Project("{9A19103F-16F7-4668-BE54-9A1E7A4F7556}") = "Auth", "Auth\Auth.csproj", "{4E1A17D6-D752-4417-9181-F3E43DC6A52E}"
EndProject
Project("{9A19103F-16F7-4668-BE54-9A1E7A4F7556}") = "UserStatistic", "UserStatistic\UserStatistic.csproj", "{E39FF2AA-9459-46D1-A0DE-4586CE4FAA99}"
EndProject
Project("{9A19103F-16F7-4668-BE54-9A1E7A4F7556}") = "RabbitMQLibrary", "..\Rabbit\RabbitMQLibrary\RabbitMQLibrary.csproj", "{947DA766-52B6-4E91-8310-EE7F988F5CC4}"
EndProject
Project("{9A19103F-16F7-4668-BE54-9A1E7A4F7556}") = "SignalRChat", "..\SignalRChat\SignalRChat\SignalRChat.csproj", "{8A6AC96F-5B5B-4A7E-9D79-F41F4F68FC08}"
EndProject
Project("{9A19103F-16F7-4668-BE54-9A1E7A4F7556}") = "LogService", "LogService\LogService.csproj", "{DFE3B14E-C35D-48CC-BA63-7A79BB747F4F}"
EndProject
Global
	GlobalSection(SolutionConfigurationPlatforms) = preSolution
		Debug|Any CPU = Debug|Any CPU
		Release|Any CPU = Release|Any CPU
	EndGlobalSection
	GlobalSection(ProjectConfigurationPlatforms) = postSolution
		{17B656E2-FAC6-421A-8B94-3BD52A062FF0}.Debug|Any CPU.ActiveCfg = Debug|Any CPU
		{17B656E2-FAC6-421A-8B94-3BD52A062FF0}.Debug|Any CPU.Build.0 = Debug|Any CPU
		{17B656E2-FAC6-421A-8B94-3BD52A062FF0}.Release|Any CPU.ActiveCfg = Release|Any CPU
		{17B656E2-FAC6-421A-8B94-3BD52A062FF0}.Release|Any CPU.Build.0 = Release|Any CPU
		{FD44FA81-1CC1-4EC6-9F3A-D173B73821D7}.Debug|Any CPU.ActiveCfg = Debug|Any CPU
		{FD44FA81-1CC1-4EC6-9F3A-D173B73821D7}.Debug|Any CPU.Build.0 = Debug|Any CPU
		{FD44FA81-1CC1-4EC6-9F3A-D173B73821D7}.Release|Any CPU.ActiveCfg = Release|Any CPU
		{FD44FA81-1CC1-4EC6-9F3A-D173B73821D7}.Release|Any CPU.Build.0 = Release|Any CPU
		{E4EB429C-6A11-4368-851D-D6D9C2637B3E}.Debug|Any CPU.ActiveCfg = Debug|Any CPU
		{E4EB429C-6A11-4368-851D-D6D9C2637B3E}.Debug|Any CPU.Build.0 = Debug|Any CPU
		{E4EB429C-6A11-4368-851D-D6D9C2637B3E}.Release|Any CPU.ActiveCfg = Release|Any CPU
		{E4EB429C-6A11-4368-851D-D6D9C2637B3E}.Release|Any CPU.Build.0 = Release|Any CPU
		{AB9F760E-4B3F-436B-91FB-2C0B12283E86}.Debug|Any CPU.ActiveCfg = Debug|Any CPU
		{AB9F760E-4B3F-436B-91FB-2C0B12283E86}.Debug|Any CPU.Build.0 = Debug|Any CPU
		{AB9F760E-4B3F-436B-91FB-2C0B12283E86}.Release|Any CPU.ActiveCfg = Release|Any CPU
		{AB9F760E-4B3F-436B-91FB-2C0B12283E86}.Release|Any CPU.Build.0 = Release|Any CPU
		{23ED0871-61DC-4D51-A94D-71E7457830E4}.Debug|Any CPU.ActiveCfg = Debug|Any CPU
		{23ED0871-61DC-4D51-A94D-71E7457830E4}.Debug|Any CPU.Build.0 = Debug|Any CPU
		{23ED0871-61DC-4D51-A94D-71E7457830E4}.Release|Any CPU.ActiveCfg = Release|Any CPU
		{23ED0871-61DC-4D51-A94D-71E7457830E4}.Release|Any CPU.Build.0 = Release|Any CPU
		{F07EB380-099E-4D07-AE3C-8C95DDC2201F}.Debug|Any CPU.ActiveCfg = Debug|Any CPU
		{F07EB380-099E-4D07-AE3C-8C95DDC2201F}.Debug|Any CPU.Build.0 = Debug|Any CPU
		{F07EB380-099E-4D07-AE3C-8C95DDC2201F}.Release|Any CPU.ActiveCfg = Release|Any CPU
		{F07EB380-099E-4D07-AE3C-8C95DDC2201F}.Release|Any CPU.Build.0 = Release|Any CPU
		{4E1A17D6-D752-4417-9181-F3E43DC6A52E}.Debug|Any CPU.ActiveCfg = Debug|Any CPU
		{4E1A17D6-D752-4417-9181-F3E43DC6A52E}.Debug|Any CPU.Build.0 = Debug|Any CPU
		{4E1A17D6-D752-4417-9181-F3E43DC6A52E}.Release|Any CPU.ActiveCfg = Release|Any CPU
		{4E1A17D6-D752-4417-9181-F3E43DC6A52E}.Release|Any CPU.Build.0 = Release|Any CPU
		{E39FF2AA-9459-46D1-A0DE-4586CE4FAA99}.Debug|Any CPU.ActiveCfg = Debug|Any CPU
		{E39FF2AA-9459-46D1-A0DE-4586CE4FAA99}.Debug|Any CPU.Build.0 = Debug|Any CPU
		{E39FF2AA-9459-46D1-A0DE-4586CE4FAA99}.Release|Any CPU.ActiveCfg = Release|Any CPU
		{E39FF2AA-9459-46D1-A0DE-4586CE4FAA99}.Release|Any CPU.Build.0 = Release|Any CPU
		{947DA766-52B6-4E91-8310-EE7F988F5CC4}.Debug|Any CPU.ActiveCfg = Debug|Any CPU
		{947DA766-52B6-4E91-8310-EE7F988F5CC4}.Debug|Any CPU.Build.0 = Debug|Any CPU
		{947DA766-52B6-4E91-8310-EE7F988F5CC4}.Release|Any CPU.ActiveCfg = Release|Any CPU
		{947DA766-52B6-4E91-8310-EE7F988F5CC4}.Release|Any CPU.Build.0 = Release|Any CPU
		{8A6AC96F-5B5B-4A7E-9D79-F41F4F68FC08}.Debug|Any CPU.ActiveCfg = Debug|Any CPU
		{8A6AC96F-5B5B-4A7E-9D79-F41F4F68FC08}.Debug|Any CPU.Build.0 = Debug|Any CPU
		{8A6AC96F-5B5B-4A7E-9D79-F41F4F68FC08}.Release|Any CPU.ActiveCfg = Release|Any CPU
		{8A6AC96F-5B5B-4A7E-9D79-F41F4F68FC08}.Release|Any CPU.Build.0 = Release|Any CPU
		{DFE3B14E-C35D-48CC-BA63-7A79BB747F4F}.Debug|Any CPU.ActiveCfg = Debug|Any CPU
		{DFE3B14E-C35D-48CC-BA63-7A79BB747F4F}.Debug|Any CPU.Build.0 = Debug|Any CPU
		{DFE3B14E-C35D-48CC-BA63-7A79BB747F4F}.Release|Any CPU.ActiveCfg = Release|Any CPU
		{DFE3B14E-C35D-48CC-BA63-7A79BB747F4F}.Release|Any CPU.Build.0 = Release|Any CPU
	EndGlobalSection
	GlobalSection(SolutionProperties) = preSolution
		HideSolutionNode = FALSE
	EndGlobalSection
	GlobalSection(NestedProjects) = preSolution
		{23ED0871-61DC-4D51-A94D-71E7457830E4} = {4386BCF9-1AEB-4FC0-876A-2A50C80CF5EF}
		{4E1A17D6-D752-4417-9181-F3E43DC6A52E} = {4386BCF9-1AEB-4FC0-876A-2A50C80CF5EF}
		{E39FF2AA-9459-46D1-A0DE-4586CE4FAA99} = {4386BCF9-1AEB-4FC0-876A-2A50C80CF5EF}
	EndGlobalSection
	GlobalSection(ExtensibilityGlobals) = postSolution
		SolutionGuid = {F48170CA-B932-4486-A03D-D9E62AF02943}
	EndGlobalSection
EndGlobal
